
Microsoft Visual Studio Solution File, Format Version 12.00
# Visual Studio Version 16
VisualStudioVersion = 16.0.30320.27
MinimumVisualStudioVersion = 10.0.40219.1
Project("{FAE04EC0-301F-11D3-BF4B-00C04F79EFBC}") = "addressbook_tests_autoit", "addressbook_tests_autoit\addressbook_tests_autoit.csproj", "{C4CA00BA-BD6C-4085-84C7-9B5A14251DEA}"
EndProject
Global
	GlobalSection(SolutionConfigurationPlatforms) = preSolution
		Debug|Any CPU = Debug|Any CPU
		Release|Any CPU = Release|Any CPU
	EndGlobalSection
	GlobalSection(ProjectConfigurationPlatforms) = postSolution
		{C4CA00BA-BD6C-4085-84C7-9B5A14251DEA}.Debug|Any CPU.ActiveCfg = Debug|Any CPU
		{C4CA00BA-BD6C-4085-84C7-9B5A14251DEA}.Debug|Any CPU.Build.0 = Debug|Any CPU
		{C4CA00BA-BD6C-4085-84C7-9B5A14251DEA}.Release|Any CPU.ActiveCfg = Release|Any CPU
		{C4CA00BA-BD6C-4085-84C7-9B5A14251DEA}.Release|Any CPU.Build.0 = Release|Any CPU
	EndGlobalSection
	GlobalSection(SolutionProperties) = preSolution
		HideSolutionNode = FALSE
	EndGlobalSection
	GlobalSection(ExtensibilityGlobals) = postSolution
		SolutionGuid = {F2F2B90C-80F9-4C66-8600-D7F0BED16570}
	EndGlobalSection
EndGlobal
